
Microsoft Visual Studio Solution File, Format Version 12.00
# Visual Studio Version 17
VisualStudioVersion = 17.2.32630.192
MinimumVisualStudioVersion = 10.0.40219.1
Project("{9A19103F-16F7-4668-BE54-9A1E7A4F7556}") = "ShoppingApi", "ShoppingApi\ShoppingApi.csproj", "{38D7B692-333D-42A9-8929-E011680D1C6B}"
EndProject
Project("{9A19103F-16F7-4668-BE54-9A1E7A4F7556}") = "ShoppingMVC", "ShoppingMVC\ShoppingMVC.csproj", "{451C573A-317F-4EE2-8573-D8CADA972B01}"
EndProject
Global
	GlobalSection(SolutionConfigurationPlatforms) = preSolution
		Debug|Any CPU = Debug|Any CPU
		Release|Any CPU = Release|Any CPU
	EndGlobalSection
	GlobalSection(ProjectConfigurationPlatforms) = postSolution
		{38D7B692-333D-42A9-8929-E011680D1C6B}.Debug|Any CPU.ActiveCfg = Debug|Any CPU
		{38D7B692-333D-42A9-8929-E011680D1C6B}.Debug|Any CPU.Build.0 = Debug|Any CPU
		{38D7B692-333D-42A9-8929-E011680D1C6B}.Release|Any CPU.ActiveCfg = Release|Any CPU
		{38D7B692-333D-42A9-8929-E011680D1C6B}.Release|Any CPU.Build.0 = Release|Any CPU
		{451C573A-317F-4EE2-8573-D8CADA972B01}.Debug|Any CPU.ActiveCfg = Debug|Any CPU
		{451C573A-317F-4EE2-8573-D8CADA972B01}.Debug|Any CPU.Build.0 = Debug|Any CPU
		{451C573A-317F-4EE2-8573-D8CADA972B01}.Release|Any CPU.ActiveCfg = Release|Any CPU
		{451C573A-317F-4EE2-8573-D8CADA972B01}.Release|Any CPU.Build.0 = Release|Any CPU
	EndGlobalSection
	GlobalSection(SolutionProperties) = preSolution
		HideSolutionNode = FALSE
	EndGlobalSection
	GlobalSection(ExtensibilityGlobals) = postSolution
		SolutionGuid = {990B469D-B302-46FE-A2AA-2A007A4E1B81}
	EndGlobalSection
EndGlobal
